Microsoft Visual Studio Solution File, Format Version 11.00
# Visual Studio 2008

Project("{65EE3C70-D9DB-8D8E-15DC-8C08A2B1A70D}") = "SmokeSignals", "Assembly-CSharp-firstpass.csproj", "{4054EB3D-0B2F-30CD-A201-9926B329CB2B}"
EndProject
Project("{65EE3C70-D9DB-8D8E-15DC-8C08A2B1A70D}") = "SmokeSignals", "Assembly-CSharp.csproj", "{2DCE1AE6-8D4C-4055-1202-4414F0B892EB}"
EndProject
Project("{65EE3C70-D9DB-8D8E-15DC-8C08A2B1A70D}") = "SmokeSignals", "Assembly-CSharp-Editor.csproj", "{33AD65F5-71FB-5CA5-FB9E-70624E5CAEB6}"
EndProject
Global
	GlobalSection(SolutionConfigurationPlatforms) = preSolution
		Debug|Any CPU = Debug|Any CPU
		Release|Any CPU = Release|Any CPU
	EndGlobalSection
	GlobalSection(ProjectConfigurationPlatforms) = postSolution
		{4054EB3D-0B2F-30CD-A201-9926B329CB2B}.Debug|Any CPU.ActiveCfg = Debug|Any CPU
		{4054EB3D-0B2F-30CD-A201-9926B329CB2B}.Debug|Any CPU.Build.0 = Debug|Any CPU
		{4054EB3D-0B2F-30CD-A201-9926B329CB2B}.Release|Any CPU.ActiveCfg = Release|Any CPU
		{4054EB3D-0B2F-30CD-A201-9926B329CB2B}.Release|Any CPU.Build.0 = Release|Any CPU
		{2DCE1AE6-8D4C-4055-1202-4414F0B892EB}.Debug|Any CPU.ActiveCfg = Debug|Any CPU
		{2DCE1AE6-8D4C-4055-1202-4414F0B892EB}.Debug|Any CPU.Build.0 = Debug|Any CPU
		{2DCE1AE6-8D4C-4055-1202-4414F0B892EB}.Release|Any CPU.ActiveCfg = Release|Any CPU
		{2DCE1AE6-8D4C-4055-1202-4414F0B892EB}.Release|Any CPU.Build.0 = Release|Any CPU
		{33AD65F5-71FB-5CA5-FB9E-70624E5CAEB6}.Debug|Any CPU.ActiveCfg = Debug|Any CPU
		{33AD65F5-71FB-5CA5-FB9E-70624E5CAEB6}.Debug|Any CPU.Build.0 = Debug|Any CPU
		{33AD65F5-71FB-5CA5-FB9E-70624E5CAEB6}.Release|Any CPU.ActiveCfg = Release|Any CPU
		{33AD65F5-71FB-5CA5-FB9E-70624E5CAEB6}.Release|Any CPU.Build.0 = Release|Any CPU
	EndGlobalSection
	GlobalSection(SolutionProperties) = preSolution
		HideSolutionNode = FALSE
	EndGlobalSection
										GlobalSection(MonoDevelopProperties) = preSolution
		StartupItem = Assembly-CSharp.csproj
		Policies = $0
		$0.TextStylePolicy = $1
		$1.inheritsSet = null
		$1.scope = text/x-csharp
		$0.CSharpFormattingPolicy = $2
		$2.inheritsSet = Mono
		$2.inheritsScope = text/x-csharp
		$2.scope = text/x-csharp
		$0.TextStylePolicy = $3
		$3.FileWidth = 120
		$3.TabWidth = 4
		$3.IndentWidth = 4
		$3.EolMarker = Unix
		$3.inheritsSet = Mono
		$3.inheritsScope = text/plain
		$3.scope = text/plain
	EndGlobalSection

EndGlobal
